// !$*UTF8*$!
{
	archiveVersion = 1;
	classes = {
	};
	objectVersion = 56;
	objects = {

/* Begin PBXBuildFile section */
		C0D790DB2BEDAF6E00D66BEB /* CheckCleanupStackAction.cpp in Sources */ = {isa = PBXBuildFile; fileRef = C0D790D42BEDAF6D00D66BEB /* CheckCleanupStackAction.cpp */; };
		C0D790DC2BEDAF6E00D66BEB /* CheckCleanupStackConsumer.cpp in Sources */ = {isa = PBXBuildFile; fileRef = C0D790D52BEDAF6D00D66BEB /* CheckCleanupStackConsumer.cpp */; };
		C0D790DE2BEDAF6E00D66BEB /* main.cpp in Sources */ = {isa = PBXBuildFile; fileRef = C0D790D82BEDAF6E00D66BEB /* main.cpp */; };
		C0D8387E2BF18A6C00BE34E8 /* CBase.h in CopyFiles */ = {isa = PBXBuildFile; fileRef = C0D838762BF18A4B00BE34E8 /* CBase.h */; };
		C0D8387F2BF18A6C00BE34E8 /* CSomeClass.cpp in CopyFiles */ = {isa = PBXBuildFile; fileRef = C0D838772BF18A4B00BE34E8 /* CSomeClass.cpp */; };
		C0D838802BF18A6C00BE34E8 /* demo.cpp in CopyFiles */ = {isa = PBXBuildFile; fileRef = C0D838792BF18A4B00BE34E8 /* demo.cpp */; };
		C0D838812BF18A6C00BE34E8 /* CleanupStack.h in CopyFiles */ = {isa = PBXBuildFile; fileRef = C0D8387A2BF18A4B00BE34E8 /* CleanupStack.h */; };
		C0D838822BF18A6C00BE34E8 /* CleanupStack.cpp in CopyFiles */ = {isa = PBXBuildFile; fileRef = C0D8387B2BF18A4B00BE34E8 /* CleanupStack.cpp */; };
		C0D838832BF18A6C00BE34E8 /* CSomeClass.h in CopyFiles */ = {isa = PBXBuildFile; fileRef = C0D8387C2BF18A4B00BE34E8 /* CSomeClass.h */; };
		C0D838842BF18A6C00BE34E8 /* CBase.cpp in CopyFiles */ = {isa = PBXBuildFile; fileRef = C0D8387D2BF18A4B00BE34E8 /* CBase.cpp */; };
		C0D838882BF223D600BE34E8 /* CallExprHandler.cpp in Sources */ = {isa = PBXBuildFile; fileRef = C0D838862BF223D600BE34E8 /* CallExprHandler.cpp */; };
		C0D8388C2BF2BB7D00BE34E8 /* MethodUtils.cpp in Sources */ = {isa = PBXBuildFile; fileRef = C0D8388A2BF2BB7D00BE34E8 /* MethodUtils.cpp */; };
		C0D838902BF5460B00BE34E8 /* ErrorMgr.cpp in Sources */ = {isa = PBXBuildFile; fileRef = C0D8388E2BF5460B00BE34E8 /* ErrorMgr.cpp */; };
/* End PBXBuildFile section */

/* Begin PBXCopyFilesBuildPhase section */
		C0D790E22BEDC12B00D66BEB /* CopyFiles */ = {
			isa = PBXCopyFilesBuildPhase;
			buildActionMask = 2147483647;
			dstPath = "";
			dstSubfolderSpec = 16;
			files = (
				C0D8387E2BF18A6C00BE34E8 /* CBase.h in CopyFiles */,
				C0D8387F2BF18A6C00BE34E8 /* CSomeClass.cpp in CopyFiles */,
				C0D838802BF18A6C00BE34E8 /* demo.cpp in CopyFiles */,
				C0D838812BF18A6C00BE34E8 /* CleanupStack.h in CopyFiles */,
				C0D838822BF18A6C00BE34E8 /* CleanupStack.cpp in CopyFiles */,
				C0D838832BF18A6C00BE34E8 /* CSomeClass.h in CopyFiles */,
				C0D838842BF18A6C00BE34E8 /* CBase.cpp in CopyFiles */,
			);
			runOnlyForDeploymentPostprocessing = 0;
		};
/* End PBXCopyFilesBuildPhase section */

/* Begin PBXFileReference section */
		C0A944372BEC1C7700CF4EE2 /* CleanupStackChecker */ = {isa = PBXFileReference; explicitFileType = "compiled.mach-o.executable"; includeInIndex = 0; path = CleanupStackChecker; sourceTree = BUILT_PRODUCTS_DIR; };
		C0D790D42BEDAF6D00D66BEB /* CheckCleanupStackAction.cpp */ = {isa = PBXFileReference; fileEncoding = 4; lastKnownFileType = sourcecode.cpp.cpp; path = CheckCleanupStackAction.cpp; sourceTree = "<group>"; };
		C0D790D52BEDAF6D00D66BEB /* CheckCleanupStackConsumer.cpp */ = {isa = PBXFileReference; fileEncoding = 4; lastKnownFileType = sourcecode.cpp.cpp; path = CheckCleanupStackConsumer.cpp; sourceTree = "<group>"; };
		C0D790D62BEDAF6D00D66BEB /* CheckCleanupStackConsumer.h */ = {isa = PBXFileReference; fileEncoding = 4; lastKnownFileType = sourcecode.c.h; path = CheckCleanupStackConsumer.h; sourceTree = "<group>"; };
		C0D790D82BEDAF6E00D66BEB /* main.cpp */ = {isa = PBXFileReference; fileEncoding = 4; lastKnownFileType = sourcecode.cpp.cpp; path = main.cpp; sourceTree = "<group>"; };
		C0D790D92BEDAF6E00D66BEB /* CheckCleanupStackAction.h */ = {isa = PBXFileReference; fileEncoding = 4; lastKnownFileType = sourcecode.c.h; path = CheckCleanupStackAction.h; sourceTree = "<group>"; };
		C0D790DF2BEDBA4E00D66BEB /* CleanupStackChecker.entitlements */ = {isa = PBXFileReference; lastKnownFileType = text.plist.entitlements; path = CleanupStackChecker.entitlements; sourceTree = "<group>"; };
		C0D838762BF18A4B00BE34E8 /* CBase.h */ = {isa = PBXFileReference; lastKnownFileType = sourcecode.c.h; path = CBase.h; sourceTree = "<group>"; };
		C0D838772BF18A4B00BE34E8 /* CSomeClass.cpp */ = {isa = PBXFileReference; lastKnownFileType = sourcecode.cpp.cpp; path = CSomeClass.cpp; sourceTree = "<group>"; };
		C0D838792BF18A4B00BE34E8 /* demo.cpp */ = {isa = PBXFileReference; lastKnownFileType = sourcecode.cpp.cpp; path = demo.cpp; sourceTree = "<group>"; };
		C0D8387A2BF18A4B00BE34E8 /* CleanupStack.h */ = {isa = PBXFileReference; lastKnownFileType = sourcecode.c.h; path = CleanupStack.h; sourceTree = "<group>"; };
		C0D8387B2BF18A4B00BE34E8 /* CleanupStack.cpp */ = {isa = PBXFileReference; lastKnownFileType = sourcecode.cpp.cpp; path = CleanupStack.cpp; sourceTree = "<group>"; };
		C0D8387C2BF18A4B00BE34E8 /* CSomeClass.h */ = {isa = PBXFileReference; lastKnownFileType = sourcecode.c.h; path = CSomeClass.h; sourceTree = "<group>"; };
		C0D8387D2BF18A4B00BE34E8 /* CBase.cpp */ = {isa = PBXFileReference; lastKnownFileType = sourcecode.cpp.cpp; path = CBase.cpp; sourceTree = "<group>"; };
		C0D838862BF223D600BE34E8 /* CallExprHandler.cpp */ = {isa = PBXFileReference; lastKnownFileType = sourcecode.cpp.cpp; path = CallExprHandler.cpp; sourceTree = "<group>"; };
		C0D838872BF223D600BE34E8 /* CallExprHandler.h */ = {isa = PBXFileReference; lastKnownFileType = sourcecode.c.h; path = CallExprHandler.h; sourceTree = "<group>"; };
		C0D8388A2BF2BB7D00BE34E8 /* MethodUtils.cpp */ = {isa = PBXFileReference; lastKnownFileType = sourcecode.cpp.cpp; path = MethodUtils.cpp; sourceTree = "<group>"; };
		C0D8388B2BF2BB7D00BE34E8 /* MethodUtils.h */ = {isa = PBXFileReference; lastKnownFileType = sourcecode.c.h; path = MethodUtils.h; sourceTree = "<group>"; };
		C0D8388D2BF2BBCA00BE34E8 /* MethodInfo.h */ = {isa = PBXFileReference; lastKnownFileType = sourcecode.c.h; path = MethodInfo.h; sourceTree = "<group>"; };
		C0D8388E2BF5460B00BE34E8 /* ErrorMgr.cpp */ = {isa = PBXFileReference; lastKnownFileType = sourcecode.cpp.cpp; path = ErrorMgr.cpp; sourceTree = "<group>"; };
		C0D8388F2BF5460B00BE34E8 /* ErrorMgr.h */ = {isa = PBXFileReference; lastKnownFileType = sourcecode.c.h; path = ErrorMgr.h; sourceTree = "<group>"; };
/* End PBXFileReference section */

/* Begin PBXFrameworksBuildPhase section */
		C0A944342BEC1C7700CF4EE2 /* Frameworks */ = {
			isa = PBXFrameworksBuildPhase;
			buildActionMask = 2147483647;
			files = (
			);
			runOnlyForDeploymentPostprocessing = 0;
		};
/* End PBXFrameworksBuildPhase section */

/* Begin PBXGroup section */
		C0A9442E2BEC1C7700CF4EE2 = {
			isa = PBXGroup;
			children = (
				C0A944392BEC1C7700CF4EE2 /* CleanupStackChecker */,
				C0A944382BEC1C7700CF4EE2 /* Products */,
			);
			sourceTree = "<group>";
		};
		C0A944382BEC1C7700CF4EE2 /* Products */ = {
			isa = PBXGroup;
			children = (
				C0A944372BEC1C7700CF4EE2 /* CleanupStackChecker */,
			);
			name = Products;
			sourceTree = "<group>";
		};
		C0A944392BEC1C7700CF4EE2 /* CleanupStackChecker */ = {
			isa = PBXGroup;
			children = (
				C0D838A52BF5B29C00BE34E8 /* visitors */,
				C0D838892BF2BB2B00BE34E8 /* helper */,
				C0D838852BF223BC00BE34E8 /* matchers */,
				C0D838742BF18A4B00BE34E8 /* test */,
				C0D790DF2BEDBA4E00D66BEB /* CleanupStackChecker.entitlements */,
				C0D790D42BEDAF6D00D66BEB /* CheckCleanupStackAction.cpp */,
				C0D790D92BEDAF6E00D66BEB /* CheckCleanupStackAction.h */,
				C0D790D52BEDAF6D00D66BEB /* CheckCleanupStackConsumer.cpp */,
				C0D790D62BEDAF6D00D66BEB /* CheckCleanupStackConsumer.h */,
				C0D790D82BEDAF6E00D66BEB /* main.cpp */,
			);
			path = CleanupStackChecker;
			sourceTree = "<group>";
		};
		C0D838742BF18A4B00BE34E8 /* test */ = {
			isa = PBXGroup;
			children = (
				C0D838762BF18A4B00BE34E8 /* CBase.h */,
				C0D8387A2BF18A4B00BE34E8 /* CleanupStack.h */,
				C0D8387B2BF18A4B00BE34E8 /* CleanupStack.cpp */,
				C0D8387D2BF18A4B00BE34E8 /* CBase.cpp */,
				C0D838772BF18A4B00BE34E8 /* CSomeClass.cpp */,
				C0D838792BF18A4B00BE34E8 /* demo.cpp */,
				C0D8387C2BF18A4B00BE34E8 /* CSomeClass.h */,
			);
			path = test;
			sourceTree = "<group>";
		};
		C0D838852BF223BC00BE34E8 /* matchers */ = {
			isa = PBXGroup;
			children = (
				C0D838862BF223D600BE34E8 /* CallExprHandler.cpp */,
				C0D838872BF223D600BE34E8 /* CallExprHandler.h */,
			);
			path = matchers;
			sourceTree = "<group>";
		};
		C0D838892BF2BB2B00BE34E8 /* helper */ = {
			isa = PBXGroup;
			children = (
				C0D8388A2BF2BB7D00BE34E8 /* MethodUtils.cpp */,
				C0D8388B2BF2BB7D00BE34E8 /* MethodUtils.h */,
				C0D8388D2BF2BBCA00BE34E8 /* MethodInfo.h */,
				C0D8388E2BF5460B00BE34E8 /* ErrorMgr.cpp */,
				C0D8388F2BF5460B00BE34E8 /* ErrorMgr.h */,
			);
			path = helper;
			sourceTree = "<group>";
		};
		C0D838A52BF5B29C00BE34E8 /* visitors */ = {
			isa = PBXGroup;
			children = (
			);
			path = visitors;
			sourceTree = "<group>";
		};
/* End PBXGroup section */

/* Begin PBXNativeTarget section */
		C0A944362BEC1C7700CF4EE2 /* CleanupStackChecker */ = {
			isa = PBXNativeTarget;
			buildConfigurationList = C0A9443E2BEC1C7700CF4EE2 /* Build configuration list for PBXNativeTarget "CleanupStackChecker" */;
			buildPhases = (
				C0A944332BEC1C7700CF4EE2 /* Sources */,
				C0A944342BEC1C7700CF4EE2 /* Frameworks */,
				C0D790E22BEDC12B00D66BEB /* CopyFiles */,
			);
			buildRules = (
			);
			dependencies = (
			);
			name = CleanupStackChecker;
			productName = CleanupStackChecker;
			productReference = C0A944372BEC1C7700CF4EE2 /* CleanupStackChecker */;
			productType = "com.apple.product-type.tool";
		};
/* End PBXNativeTarget section */

/* Begin PBXProject section */
		C0A9442F2BEC1C7700CF4EE2 /* Project object */ = {
			isa = PBXProject;
			attributes = {
				BuildIndependentTargetsInParallel = 1;
				LastUpgradeCheck = 1420;
				TargetAttributes = {
					C0A944362BEC1C7700CF4EE2 = {
						CreatedOnToolsVersion = 14.2;
					};
				};
			};
			buildConfigurationList = C0A944322BEC1C7700CF4EE2 /* Build configuration list for PBXProject "CleanupStackChecker" */;
			compatibilityVersion = "Xcode 14.0";
			developmentRegion = en;
			hasScannedForEncodings = 0;
			knownRegions = (
				en,
				Base,
			);
			mainGroup = C0A9442E2BEC1C7700CF4EE2;
			productRefGroup = C0A944382BEC1C7700CF4EE2 /* Products */;
			projectDirPath = "";
			projectRoot = "";
			targets = (
				C0A944362BEC1C7700CF4EE2 /* CleanupStackChecker */,
			);
		};
/* End PBXProject section */

/* Begin PBXSourcesBuildPhase section */
		C0A944332BEC1C7700CF4EE2 /* Sources */ = {
			isa = PBXSourcesBuildPhase;
			buildActionMask = 2147483647;
			files = (
				C0D8388C2BF2BB7D00BE34E8 /* MethodUtils.cpp in Sources */,
				C0D790DB2BEDAF6E00D66BEB /* CheckCleanupStackAction.cpp in Sources */,
				C0D790DC2BEDAF6E00D66BEB /* CheckCleanupStackConsumer.cpp in Sources */,
				C0D790DE2BEDAF6E00D66BEB /* main.cpp in Sources */,
				C0D838902BF5460B00BE34E8 /* ErrorMgr.cpp in Sources */,
				C0D838882BF223D600BE34E8 /* CallExprHandler.cpp in Sources */,
			);
			runOnlyForDeploymentPostprocessing = 0;
		};
/* End PBXSourcesBuildPhase section */

/* Begin XCBuildConfiguration section */
		C0A9443C2BEC1C7700CF4EE2 /* Debug */ = {
			isa = XCBuildConfiguration;
			buildSettings = {
				ALWAYS_SEARCH_USER_PATHS = NO;
				CLANG_ANALYZER_NONNULL = YES;
				CLANG_ANALYZER_NUMBER_OBJECT_CONVERSION = YES_AGGRESSIVE;
				CLANG_CXX_LANGUAGE_STANDARD = "c++17";
				CLANG_ENABLE_MODULES = YES;
				CLANG_ENABLE_OBJC_ARC = YES;
				CLANG_ENABLE_OBJC_WEAK = YES;
				CLANG_WARN_BLOCK_CAPTURE_AUTORELEASING = YES;
				CLANG_WARN_BOOL_CONVERSION = YES;
				CLANG_WARN_COMMA = YES;
				CLANG_WARN_CONSTANT_CONVERSION = YES;
				CLANG_WARN_DEPRECATED_OBJC_IMPLEMENTATIONS = YES;
				CLANG_WARN_DIRECT_OBJC_ISA_USAGE = YES_ERROR;
				CLANG_WARN_DOCUMENTATION_COMMENTS = YES;
				CLANG_WARN_EMPTY_BODY = YES;
				CLANG_WARN_ENUM_CONVERSION = YES;
				CLANG_WARN_INFINITE_RECURSION = YES;
				CLANG_WARN_INT_CONVERSION = YES;
				CLANG_WARN_NON_LITERAL_NULL_CONVERSION = YES;
				CLANG_WARN_OBJC_IMPLICIT_RETAIN_SELF = YES;
				CLANG_WARN_OBJC_LITERAL_CONVERSION = YES;
				CLANG_WARN_OBJC_ROOT_CLASS = YES_ERROR;
				CLANG_WARN_QUOTED_INCLUDE_IN_FRAMEWORK_HEADER = YES;
				CLANG_WARN_RANGE_LOOP_ANALYSIS = YES;
				CLANG_WARN_STRICT_PROTOTYPES = YES;
				CLANG_WARN_SUSPICIOUS_MOVE = YES;
				CLANG_WARN_UNGUARDED_AVAILABILITY = YES_AGGRESSIVE;
				CLANG_WARN_UNREACHABLE_CODE = YES;
				CLANG_WARN__DUPLICATE_METHOD_MATCH = YES;
				COPY_PHASE_STRIP = NO;
				DEBUG_INFORMATION_FORMAT = dwarf;
				ENABLE_STRICT_OBJC_MSGSEND = YES;
				ENABLE_TESTABILITY = YES;
				GCC_C_LANGUAGE_STANDARD = gnu11;
				GCC_DYNAMIC_NO_PIC = NO;
				GCC_NO_COMMON_BLOCKS = YES;
				GCC_OPTIMIZATION_LEVEL = 0;
				GCC_PREPROCESSOR_DEFINITIONS = (
					"DEBUG=1",
					"$(inherited)",
				);
				GCC_WARN_64_TO_32_BIT_CONVERSION = YES;
				GCC_WARN_ABOUT_RETURN_TYPE = YES_ERROR;
				GCC_WARN_UNDECLARED_SELECTOR = YES;
				GCC_WARN_UNINITIALIZED_AUTOS = YES_AGGRESSIVE;
				GCC_WARN_UNUSED_FUNCTION = YES;
				GCC_WARN_UNUSED_VARIABLE = YES;
				MACOSX_DEPLOYMENT_TARGET = 12.0;
				MTL_ENABLE_DEBUG_INFO = INCLUDE_SOURCE;
				MTL_FAST_MATH = YES;
				ONLY_ACTIVE_ARCH = YES;
				SDKROOT = macosx;
			};
			name = Debug;
		};
		C0A9443D2BEC1C7700CF4EE2 /* Release */ = {
			isa = XCBuildConfiguration;
			buildSettings = {
				ALWAYS_SEARCH_USER_PATHS = NO;
				CLANG_ANALYZER_NONNULL = YES;
				CLANG_ANALYZER_NUMBER_OBJECT_CONVERSION = YES_AGGRESSIVE;
				CLANG_CXX_LANGUAGE_STANDARD = "c++17";
				CLANG_ENABLE_MODULES = YES;
				CLANG_ENABLE_OBJC_ARC = YES;
				CLANG_ENABLE_OBJC_WEAK = YES;
				CLANG_WARN_BLOCK_CAPTURE_AUTORELEASING = YES;
				CLANG_WARN_BOOL_CONVERSION = YES;
				CLANG_WARN_COMMA = YES;
				CLANG_WARN_CONSTANT_CONVERSION = YES;
				CLANG_WARN_DEPRECATED_OBJC_IMPLEMENTATIONS = YES;
				CLANG_WARN_DIRECT_OBJC_ISA_USAGE = YES_ERROR;
				CLANG_WARN_DOCUMENTATION_COMMENTS = YES;
				CLANG_WARN_EMPTY_BODY = YES;
				CLANG_WARN_ENUM_CONVERSION = YES;
				CLANG_WARN_INFINITE_RECURSION = YES;
				CLANG_WARN_INT_CONVERSION = YES;
				CLANG_WARN_NON_LITERAL_NULL_CONVERSION = YES;
				CLANG_WARN_OBJC_IMPLICIT_RETAIN_SELF = YES;
				CLANG_WARN_OBJC_LITERAL_CONVERSION = YES;
				CLANG_WARN_OBJC_ROOT_CLASS = YES_ERROR;
				CLANG_WARN_QUOTED_INCLUDE_IN_FRAMEWORK_HEADER = YES;
				CLANG_WARN_RANGE_LOOP_ANALYSIS = YES;
				CLANG_WARN_STRICT_PROTOTYPES = YES;
				CLANG_WARN_SUSPICIOUS_MOVE = YES;
				CLANG_WARN_UNGUARDED_AVAILABILITY = YES_AGGRESSIVE;
				CLANG_WARN_UNREACHABLE_CODE = YES;
				CLANG_WARN__DUPLICATE_METHOD_MATCH = YES;
				COPY_PHASE_STRIP = NO;
				DEBUG_INFORMATION_FORMAT = "dwarf-with-dsym";
				ENABLE_NS_ASSERTIONS = NO;
				ENABLE_STRICT_OBJC_MSGSEND = YES;
				GCC_C_LANGUAGE_STANDARD = gnu11;
				GCC_NO_COMMON_BLOCKS = YES;
				GCC_WARN_64_TO_32_BIT_CONVERSION = YES;
				GCC_WARN_ABOUT_RETURN_TYPE = YES_ERROR;
				GCC_WARN_UNDECLARED_SELECTOR = YES;
				GCC_WARN_UNINITIALIZED_AUTOS = YES_AGGRESSIVE;
				GCC_WARN_UNUSED_FUNCTION = YES;
				GCC_WARN_UNUSED_VARIABLE = YES;
				MACOSX_DEPLOYMENT_TARGET = 12.0;
				MTL_ENABLE_DEBUG_INFO = NO;
				MTL_FAST_MATH = YES;
				SDKROOT = macosx;
			};
			name = Release;
		};
		C0A9443F2BEC1C7700CF4EE2 /* Debug */ = {
			isa = XCBuildConfiguration;
			buildSettings = {
				CC = /usr/local/bin/clang;
				CLANG_CXX_LANGUAGE_STANDARD = "c++17";
				CODE_SIGN_ENTITLEMENTS = CleanupStackChecker/CleanupStackChecker.entitlements;
				"CODE_SIGN_IDENTITY[sdk=macosx*]" = "-";
				CODE_SIGN_STYLE = Automatic;
				COMPILER_INDEX_STORE_ENABLE = default;
				CXX = "/usr/local/bin/clang++";
				DEVELOPMENT_TEAM = 54YD2EKGU9;
				ENABLE_HARDENED_RUNTIME = YES;
				HEADER_SEARCH_PATHS = /usr/local/clang/include;
				LD_RUNPATH_SEARCH_PATHS = /usr/local/clang/lib;
				LIBRARY_SEARCH_PATHS = /usr/local/clang/lib;
				LINK_WITH_STANDARD_LIBRARIES = YES;
				MACOSX_DEPLOYMENT_TARGET = 12.0;
				OTHER_CPLUSPLUSFLAGS = "-fno-rtti";
				OTHER_LDFLAGS = (
					"-lLLVMSupport",
					"-lclangAST",
					"-lclangBasic",
					"-lclangFrontend",
					"-lclangSerialization",
					"-lclangTooling",
					"-lclangASTMatchers",
					"-lLLVMFrontendOpenMP",
				);
				PRODUCT_NAME = "$(TARGET_NAME)";
			};
			name = Debug;
		};
		C0A944402BEC1C7700CF4EE2 /* Release */ = {
			isa = XCBuildConfiguration;
			buildSettings = {
				CC = /usr/local/bin/clang;
				CLANG_CXX_LANGUAGE_STANDARD = "c++17";
				CODE_SIGN_ENTITLEMENTS = CleanupStackChecker/CleanupStackChecker.entitlements;
				"CODE_SIGN_IDENTITY[sdk=macosx*]" = "-";
				CODE_SIGN_STYLE = Automatic;
				COMPILER_INDEX_STORE_ENABLE = default;
				CXX = "/usr/local/bin/clang++";
				DEVELOPMENT_TEAM = 54YD2EKGU9;
				ENABLE_HARDENED_RUNTIME = YES;
				HEADER_SEARCH_PATHS = /usr/local/clang/include;
				LD_RUNPATH_SEARCH_PATHS = /usr/local/clang/lib;
				LIBRARY_SEARCH_PATHS = /usr/local/clang/lib;
				LINK_WITH_STANDARD_LIBRARIES = YES;
				MACOSX_DEPLOYMENT_TARGET = 12.0;
				OTHER_CPLUSPLUSFLAGS = "-fno-rtti";
				OTHER_LDFLAGS = (
					"-lLLVMSupport",
					"-lclangAST",
					"-lclangBasic",
					"-lclangFrontend",
					"-lclangSerialization",
					"-lclangTooling",
					"-lclangASTMatchers",
					"-lLLVMFrontendOpenMP",
				);
				PRODUCT_NAME = "$(TARGET_NAME)";
			};
			name = Release;
		};
/* End XCBuildConfiguration section */

/* Begin XCConfigurationList section */
		C0A944322BEC1C7700CF4EE2 /* Build configuration list for PBXProject "CleanupStackChecker" */ = {
			isa = XCConfigurationList;
			buildConfigurations = (
				C0A9443C2BEC1C7700CF4EE2 /* Debug */,
				C0A9443D2BEC1C7700CF4EE2 /* Release */,
			);
			defaultConfigurationIsVisible = 0;
			defaultConfigurationName = Release;
		};
		C0A9443E2BEC1C7700CF4EE2 /* Build configuration list for PBXNativeTarget "CleanupStackChecker" */ = {
			isa = XCConfigurationList;
			buildConfigurations = (
				C0A9443F2BEC1C7700CF4EE2 /* Debug */,
				C0A944402BEC1C7700CF4EE2 /* Release */,
			);
			defaultConfigurationIsVisible = 0;
			defaultConfigurationName = Release;
		};
/* End XCConfigurationList section */
	};
	rootObject = C0A9442F2BEC1C7700CF4EE2 /* Project object */;
}
